// !$*UTF8*$!
{
	archiveVersion = 1;
	classes = {
	};
	objectVersion = 46;
	objects = {

/* Begin PBXBuildFile section */
		FDACC4741D1C27C3003C1DFA /* AppDelegate.swift in Sources */ = {isa = PBXBuildFile; fileRef = FDACC4731D1C27C3003C1DFA /* AppDelegate.swift */; };
		FDACC4761D1C27C3003C1DFA /* ViewController.swift in Sources */ = {isa = PBXBuildFile; fileRef = FDACC4751D1C27C3003C1DFA /* ViewController.swift */; };
		FDACC4791D1C27C3003C1DFA /* Main.storyboard in Resources */ = {isa = PBXBuildFile; fileRef = FDACC4771D1C27C3003C1DFA /* Main.storyboard */; };
		FDACC47B1D1C27C3003C1DFA /* Assets.xcassets in Resources */ = {isa = PBXBuildFile; fileRef = FDACC47A1D1C27C3003C1DFA /* Assets.xcassets */; };
		FDACC47E1D1C27C3003C1DFA /* LaunchScreen.storyboard in Resources */ = {isa = PBXBuildFile; fileRef = FDACC47C1D1C27C3003C1DFA /* LaunchScreen.storyboard */; };
/* End PBXBuildFile section */

/* Begin PBXFileReference section */
		FDACC4701D1C27C3003C1DFA /* TipPro.app */ = {isa = PBXFileReference; explicitFileType = wrapper.application; includeInIndex = 0; path = TipPro.app; sourceTree = BUILT_PRODUCTS_DIR; };
		FDACC4731D1C27C3003C1DFA /* AppDelegate.swift */ = {isa = PBXFileReference; lastKnownFileType = sourcecode.swift; path = AppDelegate.swift; sourceTree = "<group>"; };
		FDACC4751D1C27C3003C1DFA /* ViewController.swift */ = {isa = PBXFileReference; lastKnownFileType = sourcecode.swift; path = ViewController.swift; sourceTree = "<group>"; };
		FDACC4781D1C27C3003C1DFA /* Base */ = {isa = PBXFileReference; lastKnownFileType = file.storyboard; name = Base; path = Base.lproj/Main.storyboard; sourceTree = "<group>"; };
		FDACC47A1D1C27C3003C1DFA /* Assets.xcassets */ = {isa = PBXFileReference; lastKnownFileType = folder.assetcatalog; path = Assets.xcassets; sourceTree = "<group>"; };
		FDACC47D1D1C27C3003C1DFA /* Base */ = {isa = PBXFileReference; lastKnownFileType = file.storyboard; name = Base; path = Base.lproj/LaunchScreen.storyboard; sourceTree = "<group>"; };
		FDACC47F1D1C27C3003C1DFA /* Info.plist */ = {isa = PBXFileReference; lastKnownFileType = text.plist.xml; path = Info.plist; sourceTree = "<group>"; };
/* End PBXFileReference section */

/* Begin PBXFrameworksBuildPhase section */
		FDACC46D1D1C27C3003C1DFA /* Frameworks */ = {
			isa = PBXFrameworksBuildPhase;
			buildActionMask = 2147483647;
			files = (
			);
			runOnlyForDeploymentPostprocessing = 0;
		};
/* End PBXFrameworksBuildPhase section */

/* Begin PBXGroup section */
		FDACC4671D1C27C3003C1DFA = {
			isa = PBXGroup;
			children = (
				FDACC4721D1C27C3003C1DFA /* TipPro */,
				FDACC4711D1C27C3003C1DFA /* Products */,
			);
			sourceTree = "<group>";
		};
		FDACC4711D1C27C3003C1DFA /* Products */ = {
			isa = PBXGroup;
			children = (
				FDACC4701D1C27C3003C1DFA /* TipPro.app */,
			);
			name = Products;
			sourceTree = "<group>";
		};
		FDACC4721D1C27C3003C1DFA /* TipPro */ = {
			isa = PBXGroup;
			children = (
				FDACC4731D1C27C3003C1DFA /* AppDelegate.swift */,
				FDACC4751D1C27C3003C1DFA /* ViewController.swift */,
				FDACC4771D1C27C3003C1DFA /* Main.storyboard */,
				FDACC47A1D1C27C3003C1DFA /* Assets.xcassets */,
				FDACC47C1D1C27C3003C1DFA /* LaunchScreen.storyboard */,
				FDACC47F1D1C27C3003C1DFA /* Info.plist */,
			);
			path = TipPro;
			sourceTree = "<group>";
		};
/* End PBXGroup section */

/* Begin PBXNativeTarget section */
		FDACC46F1D1C27C3003C1DFA /* TipPro */ = {
			isa = PBXNativeTarget;
			buildConfigurationList = FDACC4821D1C27C3003C1DFA /* Build configuration list for PBXNativeTarget "TipPro" */;
			buildPhases = (
				FDACC46C1D1C27C3003C1DFA /* Sources */,
				FDACC46D1D1C27C3003C1DFA /* Frameworks */,
				FDACC46E1D1C27C3003C1DFA /* Resources */,
			);
			buildRules = (
			);
			dependencies = (
			);
			name = TipPro;
			productName = TipPro;
			productReference = FDACC4701D1C27C3003C1DFA /* TipPro.app */;
			productType = "com.apple.product-type.application";
		};
/* End PBXNativeTarget section */

/* Begin PBXProject section */
		FDACC4681D1C27C3003C1DFA /* Project object */ = {
			isa = PBXProject;
			attributes = {
				LastSwiftUpdateCheck = 0730;
				LastUpgradeCheck = 0730;
				ORGANIZATIONNAME = "ANGELIE RAMDIAL";
				TargetAttributes = {
					FDACC46F1D1C27C3003C1DFA = {
						CreatedOnToolsVersion = 7.3.1;
					};
				};
			};
			buildConfigurationList = FDACC46B1D1C27C3003C1DFA /* Build configuration list for PBXProject "TipPro" */;
			compatibilityVersion = "Xcode 3.2";
			developmentRegion = English;
			hasScannedForEncodings = 0;
			knownRegions = (
				en,
				Base,
			);
			mainGroup = FDACC4671D1C27C3003C1DFA;
			productRefGroup = FDACC4711D1C27C3003C1DFA /* Products */;
			projectDirPath = "";
			projectRoot = "";
			targets = (
				FDACC46F1D1C27C3003C1DFA /* TipPro */,
			);
		};
/* End PBXProject section */

/* Begin PBXResourcesBuildPhase section */
		FDACC46E1D1C27C3003C1DFA /* Resources */ = {
			isa = PBXResourcesBuildPhase;
			buildActionMask = 2147483647;
			files = (
				FDACC47E1D1C27C3003C1DFA /* LaunchScreen.storyboard in Resources */,
				FDACC47B1D1C27C3003C1DFA /* Assets.xcassets in Resources */,
				FDACC4791D1C27C3003C1DFA /* Main.storyboard in Resources */,
			);
			runOnlyForDeploymentPostprocessing = 0;
		};
/* End PBXResourcesBuildPhase section */

/* Begin PBXSourcesBuildPhase section */
		FDACC46C1D1C27C3003C1DFA /* Sources */ = {
			isa = PBXSourcesBuildPhase;
			buildActionMask = 2147483647;
			files = (
				FDACC4761D1C27C3003C1DFA /* ViewController.swift in Sources */,
				FDACC4741D1C27C3003C1DFA /* AppDelegate.swift in Sources */,
			);
			runOnlyForDeploymentPostprocessing = 0;
		};
/* End PBXSourcesBuildPhase section */

/* Begin PBXVariantGroup section */
		FDACC4771D1C27C3003C1DFA /* Main.storyboard */ = {
			isa = PBXVariantGroup;
			children = (
				FDACC4781D1C27C3003C1DFA /* Base */,
			);
			name = Main.storyboard;
			sourceTree = "<group>";
		};
		FDACC47C1D1C27C3003C1DFA /* LaunchScreen.storyboard */ = {
			isa = PBXVariantGroup;
			children = (
				FDACC47D1D1C27C3003C1DFA /* Base */,
			);
			name = LaunchScreen.storyboard;
			sourceTree = "<group>";
		};
/* End PBXVariantGroup section */

/* Begin XCBuildConfiguration section */
		FDACC4801D1C27C3003C1DFA /* Debug */ = {
			isa = XCBuildConfiguration;
			buildSettings = {
				ALWAYS_SEARCH_USER_PATHS = NO;
				CLANG_ANALYZER_NONNULL = YES;
				CLANG_CXX_LANGUAGE_STANDARD = "gnu++0x";
				CLANG_CXX_LIBRARY = "libc++";
				CLANG_ENABLE_MODULES = YES;
				CLANG_ENABLE_OBJC_ARC = YES;
				CLANG_WARN_BOOL_CONVERSION = YES;
				CLANG_WARN_CONSTANT_CONVERSION = YES;
				CLANG_WARN_DIRECT_OBJC_ISA_USAGE = YES_ERROR;
				CLANG_WARN_EMPTY_BODY = YES;
				CLANG_WARN_ENUM_CONVERSION = YES;
				CLANG_WARN_INT_CONVERSION = YES;
				CLANG_WARN_OBJC_ROOT_CLASS = YES_ERROR;
				CLANG_WARN_UNREACHABLE_CODE = YES;
				CLANG_WARN__DUPLICATE_METHOD_MATCH = YES;
				"CODE_SIGN_IDENTITY[sdk=iphoneos*]" = "iPhone Developer";
				COPY_PHASE_STRIP = NO;
				DEBUG_INFORMATION_FORMAT = dwarf;
				ENABLE_STRICT_OBJC_MSGSEND = YES;
				ENABLE_TESTABILITY = YES;
				GCC_C_LANGUAGE_STANDARD = gnu99;
				GCC_DYNAMIC_NO_PIC = NO;
				GCC_NO_COMMON_BLOCKS = YES;
				GCC_OPTIMIZATION_LEVEL = 0;
				GCC_PREPROCESSOR_DEFINITIONS = (
					"DEBUG=1",
					"$(inherited)",
				);
				GCC_WARN_64_TO_32_BIT_CONVERSION = YES;
				GCC_WARN_ABOUT_RETURN_TYPE = YES_ERROR;
				GCC_WARN_UNDECLARED_SELECTOR = YES;
				GCC_WARN_UNINITIALIZED_AUTOS = YES_AGGRESSIVE;
				GCC_WARN_UNUSED_FUNCTION = YES;
				GCC_WARN_UNUSED_VARIABLE = YES;
				IPHONEOS_DEPLOYMENT_TARGET = 9.3;
				MTL_ENABLE_DEBUG_INFO = YES;
				ONLY_ACTIVE_ARCH = YES;
				SDKROOT = iphoneos;
				SWIFT_OPTIMIZATION_LEVEL = "-Onone";
			};
			name = Debug;
		};
		FDACC4811D1C27C3003C1DFA /* Release */ = {
			isa = XCBuildConfiguration;
			buildSettings = {
				ALWAYS_SEARCH_USER_PATHS = NO;
				CLANG_ANALYZER_NONNULL = YES;
				CLANG_CXX_LANGUAGE_STANDARD = "gnu++0x";
				CLANG_CXX_LIBRARY = "libc++";
				CLANG_ENABLE_MODULES = YES;
				CLANG_ENABLE_OBJC_ARC = YES;
				CLANG_WARN_BOOL_CONVERSION = YES;
				CLANG_WARN_CONSTANT_CONVERSION = YES;
				CLANG_WARN_DIRECT_OBJC_ISA_USAGE = YES_ERROR;
				CLANG_WARN_EMPTY_BODY = YES;
				CLANG_WARN_ENUM_CONVERSION = YES;
				CLANG_WARN_INT_CONVERSION = YES;
				CLANG_WARN_OBJC_ROOT_CLASS = YES_ERROR;
				CLANG_WARN_UNREACHABLE_CODE = YES;
				CLANG_WARN__DUPLICATE_METHOD_MATCH = YES;
				"CODE_SIGN_IDENTITY[sdk=iphoneos*]" = "iPhone Developer";
				COPY_PHASE_STRIP = NO;
				DEBUG_INFORMATION_FORMAT = "dwarf-with-dsym";
				ENABLE_NS_ASSERTIONS = NO;
				ENABLE_STRICT_OBJC_MSGSEND = YES;
				GCC_C_LANGUAGE_STANDARD = gnu99;
				GCC_NO_COMMON_BLOCKS = YES;
				GCC_WARN_64_TO_32_BIT_CONVERSION = YES;
				GCC_WARN_ABOUT_RETURN_TYPE = YES_ERROR;
				GCC_WARN_UNDECLARED_SELECTOR = YES;
				GCC_WARN_UNINITIALIZED_AUTOS = YES_AGGRESSIVE;
				GCC_WARN_UNUSED_FUNCTION = YES;
				GCC_WARN_UNUSED_VARIABLE = YES;
				IPHONEOS_DEPLOYMENT_TARGET = 9.3;
				MTL_ENABLE_DEBUG_INFO = NO;
				SDKROOT = iphoneos;
				VALIDATE_PRODUCT = YES;
			};
			name = Release;
		};
		FDACC4831D1C27C3003C1DFA /* Debug */ = {
			isa = XCBuildConfiguration;
			buildSettings = {
				ASSETCATALOG_COMPILER_APPICON_NAME = AppIcon;
				INFOPLIST_FILE = TipPro/Info.plist;
				LD_RUNPATH_SEARCH_PATHS = "$(inherited) @executable_path/Frameworks";
				PRODUCT_BUNDLE_IDENTIFIER = com.makeschool.TipPro;
				PRODUCT_NAME = "$(TARGET_NAME)";
			};
			name = Debug;
		};
		FDACC4841D1C27C3003C1DFA /* Release */ = {
			isa = XCBuildConfiguration;
			buildSettings = {
				ASSETCATALOG_COMPILER_APPICON_NAME = AppIcon;
				INFOPLIST_FILE = TipPro/Info.plist;
				LD_RUNPATH_SEARCH_PATHS = "$(inherited) @executable_path/Frameworks";
				PRODUCT_BUNDLE_IDENTIFIER = com.makeschool.TipPro;
				PRODUCT_NAME = "$(TARGET_NAME)";
			};
			name = Release;
		};
/* End XCBuildConfiguration section */

/* Begin XCConfigurationList section */
		FDACC46B1D1C27C3003C1DFA /* Build configuration list for PBXProject "TipPro" */ = {
			isa = XCConfigurationList;
			buildConfigurations = (
				FDACC4801D1C27C3003C1DFA /* Debug */,
				FDACC4811D1C27C3003C1DFA /* Release */,
			);
			defaultConfigurationIsVisible = 0;
			defaultConfigurationName = Release;
		};
		FDACC4821D1C27C3003C1DFA /* Build configuration list for PBXNativeTarget "TipPro" */ = {
			isa = XCConfigurationList;
			buildConfigurations = (
				FDACC4831D1C27C3003C1DFA /* Debug */,
				FDACC4841D1C27C3003C1DFA /* Release */,
			);
			defaultConfigurationIsVisible = 0;
		};
/* End XCConfigurationList section */
	};
	rootObject = FDACC4681D1C27C3003C1DFA /* Project object */;
}
